
Microsoft Visual Studio Solution File, Format Version 12.00
# Visual Studio Version 17
VisualStudioVersion = 17.11.35312.102
MinimumVisualStudioVersion = 10.0.40219.1
Project("{FAE04EC0-301F-11D3-BF4B-00C04F79EFBC}") = "Solar4U", "Solar4U\Solar4U.csproj", "{F6DA20FF-808D-4A38-A38D-02AB2FADC36C}"
EndProject
Global
	GlobalSection(SolutionConfigurationPlatforms) = preSolution
		Debug|Any CPU = Debug|Any CPU
		Release|Any CPU = Release|Any CPU
	EndGlobalSection
	GlobalSection(ProjectConfigurationPlatforms) = postSolution
		{F6DA20FF-808D-4A38-A38D-02AB2FADC36C}.Debug|Any CPU.ActiveCfg = Debug|Any CPU
		{F6DA20FF-808D-4A38-A38D-02AB2FADC36C}.Debug|Any CPU.Build.0 = Debug|Any CPU
		{F6DA20FF-808D-4A38-A38D-02AB2FADC36C}.Release|Any CPU.ActiveCfg = Release|Any CPU
		{F6DA20FF-808D-4A38-A38D-02AB2FADC36C}.Release|Any CPU.Build.0 = Release|Any CPU
	EndGlobalSection
	GlobalSection(SolutionProperties) = preSolution
		HideSolutionNode = FALSE
	EndGlobalSection
	GlobalSection(ExtensibilityGlobals) = postSolution
		SolutionGuid = {5F7D6526-0954-4A73-A275-7D95254D474F}
	EndGlobalSection
EndGlobal
